hash: 2deac295f407f5f8d0cf2d62666b023217c4e3fb5d4ce099d92d2f352e645cbc
updated: 2018-11-11T10:17:29.747929+08:00
imports:
- name: github.com/aead/siphash
  version: 83563a290f60225eb120d724600b9690c3fb536f
- name: github.com/bcext/cashutil
  version: 9ba6cf2922836010e02658df743533b995b0d947
  subpackages:
  - base58
  - gcs
  - gcs/builder
  - hdkeychain
- name: github.com/bcext/cashwallet
  version: 9f461c2d277b55499de42a20875eb1cd7741a018
  subpackages:
  - internal/helpers
  - internal/zero
  - snacl
  - waddrmgr
  - wallet/internal/txsizes
  - wallet/txauthor
  - wallet/txrules
  - walletdb
  - walletdb/bdb
- name: github.com/bcext/gcash
  version: fa31fe9158823126c967f080d6584601e7a69ba3
  subpackages:
  - addrmgr
  - blockchain
  - btcec
  - btcjson
  - chaincfg
  - chaincfg/chainhash
  - connmgr
  - database
  - integration/rpctest
  - peer
  - rpcclient
  - txscript
  - wire
- name: github.com/btcsuite/btclog
  version: 84c8d2346e9fc8c7b947e243b9c24e6df9fd206a
- name: github.com/btcsuite/go-socks
  version: 4720035b7bfd2a9bb130b1c184f8bbe41b6f0d0f
  subpackages:
  - socks
- name: github.com/btcsuite/golangcrypto
  version: 53f62d9b43e87a6c56975cf862af7edf33a8d0df
  subpackages:
  - nacl/secretbox
  - pbkdf2
  - poly1305
  - ripemd160
  - salsa20/salsa
  - scrypt
  - ssh/terminal
- name: github.com/btcsuite/seelog
  version: 556d4dde7873880ceb8b758dce71f4906162322a
- name: github.com/btcsuite/websocket
  version: 31079b6807923eb23992c421b114992b95131b55
- name: github.com/coreos/bbolt
  version: 4f5275f4ebbf6fe7cb772de987fa96ee674460a7
- name: github.com/davecgh/go-spew
  version: d8f796af33cc11cb798c1aaeb27a4ebc5099927d
  subpackages:
  - spew
- name: github.com/golang/protobuf
  version: 1918e1ff6ffd2be7bed0553df8650672c3bfe80d
  subpackages:
  - proto
- name: github.com/jessevdk/go-flags
  version: 1679536dcc895411a9f5848d9a0250be7856448c
- name: github.com/kkdai/bstream
  version: b3251f7901ec4dd4ec66b3210e8f4bd5c0f1c5a3
- name: golang.org/x/crypto
  version: 4d3f4d9ffa16a13f451c3b2999e9c49e9750bf06
  subpackages:
  - ripemd160
- name: golang.org/x/net
  version: b7e296877c6e5e01665044d943c8e6d10ce72a99
  subpackages:
  - context
- name: golang.org/x/sys
  version: 9b800f95dbbc54abff0acf7ee32d88ba4e328c89
  subpackages:
  - unix
- name: google.golang.org/grpc
  version: b7f1379d3cbbbeb2ca3405852012e237aa05459e
  subpackages:
  - codes
  - credentials
  - grpclog
testImports: []
